# This file is automatically @generated by Cargo.
# It is not intended for manual editing.
version = 4

[[package]]
name = "fluxlock-core"
version = "0.1.0"

[[package]]
name = "fluxlock-engine"
version = "0.1.0"
dependencies = [
 "fluxlock-core",
]

[[package]]
name = "fluxlock-metrics"
version = "0.1.0"

[[package]]
name = "fluxlock-network"
version = "0.1.0"

[[package]]
name = "fluxlock-node"
version = "0.1.0"
dependencies = [
 "fluxlock-core",
 "fluxlock-engine",
]

[[package]]
name = "fluxlock-node-lib"
version = "0.1.0"

[[package]]
name = "fluxlock-persistence"
version = "0.1.0"

[[package]]
name = "fluxlock-protocol"
version = "0.1.0"

[[package]]
name = "fluxlock-replay"
version = "0.1.0"

[[package]]
name = "fluxlock-testnet"
version = "0.1.0"
